{
  "requires": true,
  "lockfileVersion": 1,
  "dependencies": {
    "cordova-plugin-camera": {
      "version": "2.3.1",
      "resolved": "https://registry.npmjs.org/cordova-plugin-camera/-/cordova-plugin-camera-2.3.1.tgz",
      "integrity": "sha1-dIa0V6sE5T7+x4k3ehcH2FJaAek=",
      "dev": true
    },
    "cordova-plugin-whitelist": {
      "version": "1.3.4",
      "resolved": "https://registry.npmjs.org/cordova-plugin-whitelist/-/cordova-plugin-whitelist-1.3.4.tgz",
      "integrity": "sha512-EYC5eQFVkoYXq39l7tYKE6lEjHJ04mvTmKXxGL7quHLdFPfJMNzru/UYpn92AOfpl3PQaZmou78C7EgmFOwFQQ==",
      "dev": true
    }
  }
}
